{
  "projects": [
    {
      "projectId": "tBpnKbjUR43roSjubb4rfz",
      "version": "latest",
      "dependencies": {},
      "lang": "ts",
      "fileLocks": [
        {
          "type": "globalVariant",
          "assetId": "5CtHKztOW53X5",
          "checksum": "4ac73258dd87871d391b3bce18278b23"
        },
        {
          "type": "renderModule",
          "assetId": "DoKCyibUZz1w",
          "checksum": "37fb8e3584a96ff0c8ccf836c5976572"
        },
        {
          "type": "cssRules",
          "assetId": "DoKCyibUZz1w",
          "checksum": "37fb8e3584a96ff0c8ccf836c5976572"
        },
        {
          "type": "renderModule",
          "assetId": "Nr0XrDT6vKCk",
          "checksum": "5e1f6c82a692c91cb9677961721ec3d5"
        },
        {
          "type": "cssRules",
          "assetId": "Nr0XrDT6vKCk",
          "checksum": "5e1f6c82a692c91cb9677961721ec3d5"
        },
        {
          "type": "renderModule",
          "assetId": "R65Ekvb72cR4",
          "checksum": "640581fc2096a844622e5c48f54f51da"
        },
        {
          "type": "cssRules",
          "assetId": "R65Ekvb72cR4",
          "checksum": "640581fc2096a844622e5c48f54f51da"
        },
        {
          "type": "renderModule",
          "assetId": "1CZRzZXcpQYh-",
          "checksum": "85ff4c9982c6cb52a17ee200080b801e"
        },
        {
          "type": "cssRules",
          "assetId": "1CZRzZXcpQYh-",
          "checksum": "85ff4c9982c6cb52a17ee200080b801e"
        },
        {
          "type": "renderModule",
          "assetId": "4LYTxJ-FtEKZw",
          "checksum": "c7e1918d06ba8e9be821c4afe0fb2f01"
        },
        {
          "type": "cssRules",
          "assetId": "4LYTxJ-FtEKZw",
          "checksum": "c7e1918d06ba8e9be821c4afe0fb2f01"
        },
        {
          "type": "renderModule",
          "assetId": "099D_85Dpv4d-",
          "checksum": "b91d1752f7dcd3dbc8a17d635b70cfcc"
        },
        {
          "type": "cssRules",
          "assetId": "099D_85Dpv4d-",
          "checksum": "b91d1752f7dcd3dbc8a17d635b70cfcc"
        },
        {
          "type": "renderModule",
          "assetId": "VJwVl7qi79Cev",
          "checksum": "4956111a97cf4b4baa13f61786fc702b"
        },
        {
          "type": "cssRules",
          "assetId": "VJwVl7qi79Cev",
          "checksum": "4956111a97cf4b4baa13f61786fc702b"
        },
        {
          "type": "renderModule",
          "assetId": "bA9NUo0Th7YWT",
          "checksum": "3116cde4ad688723b1985abfad64ec64"
        },
        {
          "type": "cssRules",
          "assetId": "bA9NUo0Th7YWT",
          "checksum": "3116cde4ad688723b1985abfad64ec64"
        },
        {
          "type": "renderModule",
          "assetId": "JYWl9M2WG_GXu",
          "checksum": "0937a24e6dfe817b0d7cbd8e38e3f3d4"
        },
        {
          "type": "cssRules",
          "assetId": "JYWl9M2WG_GXu",
          "checksum": "0937a24e6dfe817b0d7cbd8e38e3f3d4"
        },
        {
          "type": "renderModule",
          "assetId": "VMOkyF7_uV7u7",
          "checksum": "22a0385ad0c5958192e91b741d6ebd34"
        },
        {
          "type": "cssRules",
          "assetId": "VMOkyF7_uV7u7",
          "checksum": "22a0385ad0c5958192e91b741d6ebd34"
        },
        {
          "type": "renderModule",
          "assetId": "1heclh6KCjz9C",
          "checksum": "364c691b772a68c4aecd10e57f0a0589"
        },
        {
          "type": "cssRules",
          "assetId": "1heclh6KCjz9C",
          "checksum": "364c691b772a68c4aecd10e57f0a0589"
        },
        {
          "type": "icon",
          "assetId": "3i0HJg1GJQuuc",
          "checksum": "2f938ecda50633e3c17dc6c64dab14ef"
        },
        {
          "type": "icon",
          "assetId": "z_yazn7rJGRKy",
          "checksum": "4b77ce823396c69981b23fcfd61b2f43"
        },
        {
          "type": "icon",
          "assetId": "8DQoMDiICDQod",
          "checksum": "43cfc33f68131d0fc20e913e552cd009"
        },
        {
          "type": "icon",
          "assetId": "ESDAIUR4eh-EO",
          "checksum": "39f2c52107e13cd0f28bc47b9bc06f3d"
        },
        {
          "type": "icon",
          "assetId": "AnfUnHvXe-zqF",
          "checksum": "b0d8aebf28f7f6f5b9c4c04cf093bf75"
        },
        {
          "type": "icon",
          "assetId": "m0Cv9ejEcrgHh",
          "checksum": "35e0f9554b21a158a3a489f8ace1c134"
        },
        {
          "type": "icon",
          "assetId": "NbMeywE1eOq8L",
          "checksum": "849f28b31cbc294229ac30933fdf3a1b"
        },
        {
          "type": "icon",
          "assetId": "u5FDzJRlLVrxh",
          "checksum": "e8c0ff3943613f86ba479fc5493444d0"
        },
        {
          "type": "icon",
          "assetId": "d3XdxEyA5Ms-5",
          "checksum": "604c8950d7a79919d5f23d8a56494132"
        },
        {
          "type": "image",
          "assetId": "wemKvnl_zn25X",
          "checksum": "0c24c95894953a20dbdbba0236757e7a"
        },
        {
          "type": "image",
          "assetId": "CRbqTbeUAj_NJ",
          "checksum": "38f1c046da3d7081f09bd7ce0ca9d189"
        },
        {
          "type": "image",
          "assetId": "YpssRwud6Pj5u",
          "checksum": "9ccf7cbc60a444490b1d5d9c9c7ca272"
        },
        {
          "type": "image",
          "assetId": "W8zeqZWP4QGhV",
          "checksum": "896518feacecefa0dc3ae0f4d12d0a5a"
        },
        {
          "type": "image",
          "assetId": "t4tPTZ65gncas",
          "checksum": "5af18cfe3ba43aee5095838c4b674f33"
        },
        {
          "type": "image",
          "assetId": "qinHbjEDNeFjv",
          "checksum": "a45b37de3a99581e010392975c01fa8f"
        },
        {
          "type": "image",
          "assetId": "vmqCcQFOXQwR3",
          "checksum": "eaef0065183234d70ef5c6314cae1ef1"
        },
        {
          "type": "image",
          "assetId": "0LC3iRpQwhDj5",
          "checksum": "68ad5045befe1ee0ab663b3e3e6b87b8"
        },
        {
          "type": "image",
          "assetId": "Zoezy9PYmc7qT",
          "checksum": "f3926fd3dc2dfbccf3add436d52e2240"
        },
        {
          "type": "image",
          "assetId": "mcKFPppbc5Xmw",
          "checksum": "77a7298a5a24f17b9f71c98cc1836e9e"
        },
        {
          "type": "image",
          "assetId": "-49m0yqrbGQQr",
          "checksum": "712e4daf7cabaa66579b766559ccb6fc"
        },
        {
          "type": "image",
          "assetId": "AQShaxuk4CKaq",
          "checksum": "d7901e064b340355cdf5792ccbdcfc08"
        },
        {
          "type": "image",
          "assetId": "q8E32m8AC_ZiT",
          "checksum": "0c30dcb57c83dea6a55119570fb94542"
        },
        {
          "type": "image",
          "assetId": "wKs7y6fDA5iS7",
          "checksum": "b19cf71a1be389d821609c5db875727a"
        },
        {
          "type": "image",
          "assetId": "5xLOh6nU07GJL",
          "checksum": "53631ffbab66eced79cce4977a728845"
        },
        {
          "type": "image",
          "assetId": "sMcWxF1nxGylY",
          "checksum": "e998042215fa7e3e642fb60493cbf01e"
        },
        {
          "type": "image",
          "assetId": "erIC6aoYDKaZy",
          "checksum": "cadcc3f9c0192cbb0bb6febbcffb7f96"
        },
        {
          "type": "image",
          "assetId": "7KAu7vW1z_RZn",
          "checksum": "73850c7319be44b502dbbb5e0c1d92c8"
        },
        {
          "type": "image",
          "assetId": "R668L9Q3UZjui",
          "checksum": "d70261cff387e2a58239809990e031e9"
        },
        {
          "type": "image",
          "assetId": "QINIzwFTcHRtb",
          "checksum": "7cba0a1c7551ffbba6eb8e2b8e9a74e9"
        },
        {
          "type": "image",
          "assetId": "q2jb3SuGx2n_1",
          "checksum": "d420239d033a9b81f33e1e89db3db4aa"
        },
        {
          "type": "image",
          "assetId": "KwpXy1BI-5bir",
          "checksum": "7984e17268544dd47999dc56347cac34"
        },
        {
          "type": "image",
          "assetId": "xkKFVm_b5spfn",
          "checksum": "72a6f72e2a5e5a4fabf657bf5e61af1d"
        },
        {
          "type": "image",
          "assetId": "8V8fCDuJQmVMj",
          "checksum": "1e7ff9add5864d48caaff9157fbd817b"
        },
        {
          "type": "image",
          "assetId": "jx2p2v_sZjlI8",
          "checksum": "8ac7c0c7495f8d584030897fbfd51759"
        },
        {
          "type": "image",
          "assetId": "LbpAIseVBEMPc",
          "checksum": "1cee343216f7e591274e5f12b432d992"
        },
        {
          "type": "image",
          "assetId": "exroW8-XBMpK7",
          "checksum": "b9b5293ae34e6f675ae912e0be19f746"
        },
        {
          "type": "image",
          "assetId": "wDB55jN0UmwFq",
          "checksum": "d52045c97a56b294507410de04e1026d"
        },
        {
          "type": "image",
          "assetId": "F-wIjbwol063Z",
          "checksum": "6897cdb3ceaf5616fad670611ccb40de"
        },
        {
          "type": "image",
          "assetId": "tL4T18YEO9Iv7",
          "checksum": "be8577d28647958d2b875922d50d48e5"
        },
        {
          "type": "image",
          "assetId": "NBUyUU3GdQem5",
          "checksum": "d7b285ff3ac8d149356c792011206437"
        },
        {
          "type": "image",
          "assetId": "OL1pvruBvrrub",
          "checksum": "f5bf490ab7849ca4e2ee40cd62268c11"
        },
        {
          "type": "image",
          "assetId": "r5KKgrwz9LKy-",
          "checksum": "6b48b0c144daf12faede1adfa41e8e22"
        },
        {
          "type": "image",
          "assetId": "KXsrNQlQYQpUy",
          "checksum": "bb56e575d917b71dc7fcac4e70576570"
        },
        {
          "type": "image",
          "assetId": "bR9BMSOyS0iLz",
          "checksum": "7d638c34c226858225089f98a8914c19"
        },
        {
          "type": "image",
          "assetId": "BmmhtAJ8XaWIE",
          "checksum": "4ab8b54487f72547ef84ea1e9d07b050"
        },
        {
          "type": "image",
          "assetId": "K4E36OOeUKGHL",
          "checksum": "12dcb4ab09b44ae67e549361074f60e4"
        },
        {
          "assetId": "tBpnKbjUR43roSjubb4rfz",
          "type": "projectCss",
          "checksum": "8173ceed1584bae7c3a6c3ecf7e749cf"
        }
      ],
      "codegenVersion": "0.0.1"
    }
  ],
  "cliVersion": "0.1.190"
}
